#MicroXplorer Configuration settings - do not modify
CAD.formats=
CAD.pinconfig=
CAD.provider=
Dma.QUADSPI.3.Direction=DMA_MEMORY_TO_PERIPH
Dma.QUADSPI.3.EventEnable=DISABLE
Dma.QUADSPI.3.Instance=DMA1_Channel4
Dma.QUADSPI.3.MemDataAlignment=DMA_MDATAALIGN_WORD
Dma.QUADSPI.3.MemInc=DMA_MINC_ENABLE
Dma.QUADSPI.3.Mode=DMA_NORMAL
Dma.QUADSPI.3.PeriphDataAlignment=DMA_PDATAALIGN_WORD
Dma.QUADSPI.3.PeriphInc=DMA_PINC_DISABLE
Dma.QUADSPI.3.Polarity=HAL_DMAMUX_REQ_GEN_RISING
Dma.QUADSPI.3.Priority=DMA_PRIORITY_HIGH
Dma.QUADSPI.3.RequestNumber=1
Dma.QUADSPI.3.RequestParameters=Instance,Direction,PeriphInc,MemInc,PeriphDataAlignment,MemDataAlignment,Mode,Priority,SignalID,Polarity,RequestNumber,SyncSignalID,SyncPolarity,SyncEnable,EventEnable,SyncRequestNumber
Dma.QUADSPI.3.SignalID=NONE
Dma.QUADSPI.3.SyncEnable=DISABLE
Dma.QUADSPI.3.SyncPolarity=HAL_DMAMUX_SYNC_NO_EVENT
Dma.QUADSPI.3.SyncRequestNumber=1
Dma.QUADSPI.3.SyncSignalID=NONE
Dma.Request0=USART2_TX
Dma.Request1=USART3_RX
Dma.Request2=TIM8_CH4
Dma.Request3=QUADSPI
Dma.Request4=SPI2_RX
Dma.Request5=SPI2_TX
Dma.Request6=UART5_TX
Dma.RequestsNb=7
Dma.SPI2_RX.4.Direction=DMA_PERIPH_TO_MEMORY
Dma.SPI2_RX.4.EventEnable=DISABLE
Dma.SPI2_RX.4.Instance=DMA1_Channel5
Dma.SPI2_RX.4.MemDataAlignment=DMA_MDATAALIGN_BYTE
Dma.SPI2_RX.4.MemInc=DMA_MINC_ENABLE
Dma.SPI2_RX.4.Mode=DMA_NORMAL
Dma.SPI2_RX.4.PeriphDataAlignment=DMA_PDATAALIGN_BYTE
Dma.SPI2_RX.4.PeriphInc=DMA_PINC_DISABLE
Dma.SPI2_RX.4.Polarity=HAL_DMAMUX_REQ_GEN_RISING
Dma.SPI2_RX.4.Priority=DMA_PRIORITY_VERY_HIGH
Dma.SPI2_RX.4.RequestNumber=1
Dma.SPI2_RX.4.RequestParameters=Instance,Direction,PeriphInc,MemInc,PeriphDataAlignment,MemDataAlignment,Mode,Priority,SignalID,Polarity,RequestNumber,SyncSignalID,SyncPolarity,SyncEnable,EventEnable,SyncRequestNumber
Dma.SPI2_RX.4.SignalID=NONE
Dma.SPI2_RX.4.SyncEnable=DISABLE
Dma.SPI2_RX.4.SyncPolarity=HAL_DMAMUX_SYNC_NO_EVENT
Dma.SPI2_RX.4.SyncRequestNumber=1
Dma.SPI2_RX.4.SyncSignalID=NONE
Dma.SPI2_TX.5.Direction=DMA_MEMORY_TO_PERIPH
Dma.SPI2_TX.5.EventEnable=DISABLE
Dma.SPI2_TX.5.Instance=DMA1_Channel6
Dma.SPI2_TX.5.MemDataAlignment=DMA_MDATAALIGN_BYTE
Dma.SPI2_TX.5.MemInc=DMA_MINC_ENABLE
Dma.SPI2_TX.5.Mode=DMA_NORMAL
Dma.SPI2_TX.5.PeriphDataAlignment=DMA_PDATAALIGN_BYTE
Dma.SPI2_TX.5.PeriphInc=DMA_PINC_DISABLE
Dma.SPI2_TX.5.Polarity=HAL_DMAMUX_REQ_GEN_RISING
Dma.SPI2_TX.5.Priority=DMA_PRIORITY_VERY_HIGH
Dma.SPI2_TX.5.RequestNumber=1
Dma.SPI2_TX.5.RequestParameters=Instance,Direction,PeriphInc,MemInc,PeriphDataAlignment,MemDataAlignment,Mode,Priority,SignalID,Polarity,RequestNumber,SyncSignalID,SyncPolarity,SyncEnable,EventEnable,SyncRequestNumber
Dma.SPI2_TX.5.SignalID=NONE
Dma.SPI2_TX.5.SyncEnable=DISABLE
Dma.SPI2_TX.5.SyncPolarity=HAL_DMAMUX_SYNC_NO_EVENT
Dma.SPI2_TX.5.SyncRequestNumber=1
Dma.SPI2_TX.5.SyncSignalID=NONE
Dma.TIM8_CH4.2.Direction=DMA_MEMORY_TO_PERIPH
Dma.TIM8_CH4.2.EventEnable=DISABLE
Dma.TIM8_CH4.2.Instance=DMA2_Channel2
Dma.TIM8_CH4.2.MemDataAlignment=DMA_MDATAALIGN_HALFWORD
Dma.TIM8_CH4.2.MemInc=DMA_MINC_ENABLE
Dma.TIM8_CH4.2.Mode=DMA_CIRCULAR
Dma.TIM8_CH4.2.PeriphDataAlignment=DMA_PDATAALIGN_HALFWORD
Dma.TIM8_CH4.2.PeriphInc=DMA_PINC_DISABLE
Dma.TIM8_CH4.2.Polarity=HAL_DMAMUX_REQ_GEN_RISING
Dma.TIM8_CH4.2.Priority=DMA_PRIORITY_LOW
Dma.TIM8_CH4.2.RequestNumber=1
Dma.TIM8_CH4.2.RequestParameters=Instance,Direction,PeriphInc,MemInc,PeriphDataAlignment,MemDataAlignment,Mode,Priority,SignalID,Polarity,RequestNumber,SyncSignalID,SyncPolarity,SyncEnable,EventEnable,SyncRequestNumber
Dma.TIM8_CH4.2.SignalID=NONE
Dma.TIM8_CH4.2.SyncEnable=DISABLE
Dma.TIM8_CH4.2.SyncPolarity=HAL_DMAMUX_SYNC_NO_EVENT
Dma.TIM8_CH4.2.SyncRequestNumber=1
Dma.TIM8_CH4.2.SyncSignalID=NONE
Dma.UART5_TX.6.Direction=DMA_MEMORY_TO_PERIPH
Dma.UART5_TX.6.EventEnable=DISABLE
Dma.UART5_TX.6.Instance=DMA1_Channel2
Dma.UART5_TX.6.MemDataAlignment=DMA_MDATAALIGN_BYTE
Dma.UART5_TX.6.MemInc=DMA_MINC_ENABLE
Dma.UART5_TX.6.Mode=DMA_NORMAL
Dma.UART5_TX.6.PeriphDataAlignment=DMA_PDATAALIGN_BYTE
Dma.UART5_TX.6.PeriphInc=DMA_PINC_DISABLE
Dma.UART5_TX.6.Polarity=HAL_DMAMUX_REQ_GEN_RISING
Dma.UART5_TX.6.Priority=DMA_PRIORITY_LOW
Dma.UART5_TX.6.RequestNumber=1
Dma.UART5_TX.6.RequestParameters=Instance,Direction,PeriphInc,MemInc,PeriphDataAlignment,MemDataAlignment,Mode,Priority,SignalID,Polarity,RequestNumber,SyncSignalID,SyncPolarity,SyncEnable,EventEnable,SyncRequestNumber
Dma.UART5_TX.6.SignalID=NONE
Dma.UART5_TX.6.SyncEnable=DISABLE
Dma.UART5_TX.6.SyncPolarity=HAL_DMAMUX_SYNC_NO_EVENT
Dma.UART5_TX.6.SyncRequestNumber=1
Dma.UART5_TX.6.SyncSignalID=NONE
Dma.USART2_TX.0.Direction=DMA_MEMORY_TO_PERIPH
Dma.USART2_TX.0.EventEnable=DISABLE
Dma.USART2_TX.0.Instance=DMA1_Channel1
Dma.USART2_TX.0.MemDataAlignment=DMA_MDATAALIGN_BYTE
Dma.USART2_TX.0.MemInc=DMA_MINC_ENABLE
Dma.USART2_TX.0.Mode=DMA_NORMAL
Dma.USART2_TX.0.PeriphDataAlignment=DMA_PDATAALIGN_BYTE
Dma.USART2_TX.0.PeriphInc=DMA_PINC_DISABLE
Dma.USART2_TX.0.Polarity=HAL_DMAMUX_REQ_GEN_RISING
Dma.USART2_TX.0.Priority=DMA_PRIORITY_LOW
Dma.USART2_TX.0.RequestNumber=1
Dma.USART2_TX.0.RequestParameters=Instance,Direction,PeriphInc,MemInc,PeriphDataAlignment,MemDataAlignment,Mode,Priority,SignalID,Polarity,RequestNumber,SyncSignalID,SyncPolarity,SyncEnable,EventEnable,SyncRequestNumber
Dma.USART2_TX.0.SignalID=NONE
Dma.USART2_TX.0.SyncEnable=DISABLE
Dma.USART2_TX.0.SyncPolarity=HAL_DMAMUX_SYNC_NO_EVENT
Dma.USART2_TX.0.SyncRequestNumber=1
Dma.USART2_TX.0.SyncSignalID=NONE
Dma.USART3_RX.1.Direction=DMA_PERIPH_TO_MEMORY
Dma.USART3_RX.1.EventEnable=DISABLE
Dma.USART3_RX.1.Instance=DMA1_Channel3
Dma.USART3_RX.1.MemDataAlignment=DMA_MDATAALIGN_BYTE
Dma.USART3_RX.1.MemInc=DMA_MINC_ENABLE
Dma.USART3_RX.1.Mode=DMA_CIRCULAR
Dma.USART3_RX.1.PeriphDataAlignment=DMA_PDATAALIGN_BYTE
Dma.USART3_RX.1.PeriphInc=DMA_PINC_DISABLE
Dma.USART3_RX.1.Polarity=HAL_DMAMUX_REQ_GEN_RISING
Dma.USART3_RX.1.Priority=DMA_PRIORITY_HIGH
Dma.USART3_RX.1.RequestNumber=1
Dma.USART3_RX.1.RequestParameters=Instance,Direction,PeriphInc,MemInc,PeriphDataAlignment,MemDataAlignment,Mode,Priority,SignalID,Polarity,RequestNumber,SyncSignalID,SyncPolarity,SyncEnable,EventEnable,SyncRequestNumber
Dma.USART3_RX.1.SignalID=NONE
Dma.USART3_RX.1.SyncEnable=DISABLE
Dma.USART3_RX.1.SyncPolarity=HAL_DMAMUX_SYNC_NO_EVENT
Dma.USART3_RX.1.SyncRequestNumber=1
Dma.USART3_RX.1.SyncSignalID=NONE
FDCAN1.AutoRetransmission=ENABLE
FDCAN1.CalculateBaudRateNominal=1000000
FDCAN1.CalculateTimeBitNominal=1000
FDCAN1.CalculateTimeQuantumNominal=100.0
FDCAN1.IPParameters=CalculateTimeQuantumNominal,CalculateTimeBitNominal,CalculateBaudRateNominal,NominalPrescaler,NominalTimeSeg1,NominalTimeSeg2,AutoRetransmission,StdFiltersNbr,ProtocolException
FDCAN1.NominalPrescaler=17
FDCAN1.NominalTimeSeg1=7
FDCAN1.NominalTimeSeg2=2
FDCAN1.ProtocolException=ENABLE
FDCAN1.StdFiltersNbr=1
FDCAN2.AutoRetransmission=DISABLE
FDCAN2.CalculateBaudRateNominal=1000000
FDCAN2.CalculateTimeBitNominal=1000
FDCAN2.CalculateTimeQuantumNominal=100.0
FDCAN2.IPParameters=CalculateTimeQuantumNominal,CalculateTimeBitNominal,CalculateBaudRateNominal,AutoRetransmission,NominalPrescaler,NominalTimeSeg1,NominalTimeSeg2,StdFiltersNbr
FDCAN2.NominalPrescaler=17
FDCAN2.NominalTimeSeg1=7
FDCAN2.NominalTimeSeg2=2
FDCAN2.StdFiltersNbr=1
FDCAN3.AutoRetransmission=DISABLE
FDCAN3.CalculateBaudRateNominal=1000000
FDCAN3.CalculateTimeBitNominal=1000
FDCAN3.CalculateTimeQuantumNominal=100.0
FDCAN3.IPParameters=CalculateTimeQuantumNominal,CalculateTimeBitNominal,CalculateBaudRateNominal,NominalPrescaler,NominalTimeSeg1,NominalTimeSeg2,StdFiltersNbr,AutoRetransmission
FDCAN3.NominalPrescaler=17
FDCAN3.NominalTimeSeg1=7
FDCAN3.NominalTimeSeg2=2
FDCAN3.StdFiltersNbr=1
FREERTOS.FootprintOK=true
FREERTOS.IPParameters=Tasks01,FootprintOK
FREERTOS.Tasks01=IMUTask,40,256,IMU_Task,As weak,NULL,Dynamic,NULL,NULL;MotorTask,8,128,Motor_Task,As weak,NULL,Dynamic,NULL,NULL;TestTask,8,256,Test_Task,As weak,NULL,Dynamic,NULL,NULL
File.Version=6
GPIO.groupedBy=Group By Peripherals
KeepUserPlacement=false
Mcu.CPN=STM32G473VET6
Mcu.Family=STM32G4
Mcu.IP0=CORDIC
Mcu.IP1=DMA
Mcu.IP10=SYS
Mcu.IP11=TIM3
Mcu.IP12=TIM4
Mcu.IP13=TIM8
Mcu.IP14=TIM20
Mcu.IP15=UART5
Mcu.IP16=USART2
Mcu.IP17=USART3
Mcu.IP2=FDCAN1
Mcu.IP3=FDCAN2
Mcu.IP4=FDCAN3
Mcu.IP5=FREERTOS
Mcu.IP6=NVIC
Mcu.IP7=QUADSPI1
Mcu.IP8=RCC
Mcu.IP9=SPI2
Mcu.IPNb=18
Mcu.Name=STM32G473V(B-C-E)Tx
Mcu.Package=LQFP100
Mcu.Pin0=PE3
Mcu.Pin1=PF0-OSC_IN
Mcu.Pin10=PE11
Mcu.Pin11=PE13
Mcu.Pin12=PE14
Mcu.Pin13=PB10
Mcu.Pin14=PB11
Mcu.Pin15=PB12
Mcu.Pin16=PB13
Mcu.Pin17=PB14
Mcu.Pin18=PB15
Mcu.Pin19=PD8
Mcu.Pin2=PF1-OSC_OUT
Mcu.Pin20=PC9
Mcu.Pin21=PA13
Mcu.Pin22=PA14
Mcu.Pin23=PC12
Mcu.Pin24=PD0
Mcu.Pin25=PD1
Mcu.Pin26=PD2
Mcu.Pin27=PB3
Mcu.Pin28=PB4
Mcu.Pin29=PB5
Mcu.Pin3=PA2
Mcu.Pin30=PB6
Mcu.Pin31=VP_CORDIC_VS_CORDIC
Mcu.Pin32=VP_FREERTOS_VS_CMSIS_V2
Mcu.Pin33=VP_SYS_VS_tim17
Mcu.Pin34=VP_SYS_VS_DBSignals
Mcu.Pin35=VP_TIM3_VS_ClockSourceINT
Mcu.Pin36=VP_TIM4_VS_ClockSourceINT
Mcu.Pin37=VP_TIM8_VS_ClockSourceINT
Mcu.Pin38=VP_TIM20_VS_ClockSourceINT
Mcu.Pin4=PA3
Mcu.Pin5=PA4
Mcu.Pin6=PA6
Mcu.Pin7=PB1
Mcu.Pin8=VREF+
Mcu.Pin9=PE10
Mcu.PinsNb=39
Mcu.ThirdParty0=STMicroelectronics.X-CUBE-ALGOBUILD.1.4.0
Mcu.ThirdPartyNb=1
Mcu.UserConstants=
Mcu.UserName=STM32G473VETx
MxCube.Version=6.15.0
MxDb.Version=DB.6.0.150
NVIC.BusFault_IRQn=true\:0\:0\:false\:false\:true\:false\:false\:false\:false
NVIC.DMA1_Channel1_IRQn=true\:5\:0\:false\:false\:true\:true\:false\:true\:true
NVIC.DMA1_Channel2_IRQn=true\:5\:0\:false\:false\:true\:true\:false\:true\:true
NVIC.DMA1_Channel3_IRQn=true\:5\:0\:false\:false\:true\:true\:false\:true\:true
NVIC.DMA1_Channel4_IRQn=true\:5\:0\:false\:false\:true\:true\:false\:true\:true
NVIC.DMA1_Channel5_IRQn=true\:5\:0\:false\:false\:true\:true\:false\:true\:true
NVIC.DMA1_Channel6_IRQn=true\:5\:0\:false\:false\:true\:true\:false\:true\:true
NVIC.DMA2_Channel2_IRQn=true\:10\:0\:true\:false\:true\:false\:false\:true\:true
NVIC.DebugMonitor_IRQn=true\:0\:0\:false\:false\:true\:false\:false\:false\:false
NVIC.EXTI15_10_IRQn=true\:5\:0\:false\:false\:true\:true\:true\:true\:true
NVIC.FDCAN1_IT0_IRQn=true\:5\:0\:false\:false\:true\:true\:true\:true\:true
NVIC.FDCAN1_IT1_IRQn=true\:5\:0\:false\:false\:true\:true\:true\:true\:true
NVIC.FDCAN2_IT0_IRQn=true\:5\:0\:false\:false\:true\:true\:true\:true\:true
NVIC.FDCAN2_IT1_IRQn=true\:5\:0\:false\:false\:true\:true\:true\:true\:true
NVIC.FDCAN3_IT0_IRQn=true\:5\:0\:false\:false\:true\:true\:true\:true\:true
NVIC.FDCAN3_IT1_IRQn=true\:5\:0\:false\:false\:true\:true\:true\:true\:true
NVIC.ForceEnableDMAVector=true
NVIC.HardFault_IRQn=true\:0\:0\:false\:false\:true\:false\:false\:false\:false
NVIC.MemoryManagement_IRQn=true\:0\:0\:false\:false\:true\:false\:false\:false\:false
NVIC.NonMaskableInt_IRQn=true\:0\:0\:false\:false\:true\:false\:false\:false\:false
NVIC.PendSV_IRQn=true\:15\:0\:false\:false\:false\:true\:false\:false\:false
NVIC.PriorityGroup=NVIC_PRIORITYGROUP_4
NVIC.QUADSPI_IRQn=true\:5\:0\:false\:false\:true\:true\:true\:true\:true
NVIC.SPI2_IRQn=true\:5\:0\:false\:false\:true\:true\:true\:true\:true
NVIC.SVCall_IRQn=true\:0\:0\:false\:false\:false\:false\:false\:false\:false
NVIC.SavedPendsvIrqHandlerGenerated=true
NVIC.SavedSvcallIrqHandlerGenerated=true
NVIC.SavedSystickIrqHandlerGenerated=true
NVIC.SysTick_IRQn=true\:15\:0\:false\:false\:false\:true\:false\:true\:false
NVIC.TIM1_TRG_COM_TIM17_IRQn=true\:15\:0\:false\:false\:true\:false\:false\:true\:true
NVIC.TIM4_IRQn=true\:5\:0\:false\:false\:true\:true\:true\:true\:true
NVIC.TimeBase=TIM1_TRG_COM_TIM17_IRQn
NVIC.TimeBaseIP=TIM17
NVIC.UART5_IRQn=true\:5\:0\:false\:false\:true\:true\:true\:true\:true
NVIC.USART2_IRQn=true\:5\:0\:false\:false\:true\:true\:true\:true\:true
NVIC.USART3_IRQn=true\:5\:0\:false\:false\:true\:true\:true\:true\:true
NVIC.UsageFault_IRQn=true\:0\:0\:false\:false\:true\:false\:false\:false\:false
PA13.Mode=Serial_Wire
PA13.Signal=SYS_JTMS-SWDIO
PA14.Mode=Serial_Wire
PA14.Signal=SYS_JTCK-SWCLK
PA2.Mode=Asynchronous
PA2.Signal=USART2_TX
PA3.Mode=Asynchronous
PA3.Signal=USART2_RX
PA4.Locked=true
PA4.Signal=S_TIM3_CH2
PA6.GPIOParameters=GPIO_Speed
PA6.GPIO_Speed=GPIO_SPEED_FREQ_VERY_HIGH
PA6.Mode=Single Bank 1
PA6.Signal=QUADSPI1_BK1_IO3
PB1.GPIOParameters=GPIO_Speed
PB1.GPIO_Speed=GPIO_SPEED_FREQ_VERY_HIGH
PB1.Mode=Single Bank 1
PB1.Signal=QUADSPI1_BK1_IO0
PB10.GPIOParameters=GPIO_PuPd,GPIO_Label
PB10.GPIO_Label=ICM_DRDY_PIN
PB10.GPIO_PuPd=GPIO_PULLDOWN
PB10.Locked=true
PB10.Signal=GPXTI10
PB11.GPIOParameters=GPIO_Speed,GPIO_PuPd
PB11.GPIO_PuPd=GPIO_PULLUP
PB11.GPIO_Speed=GPIO_SPEED_FREQ_HIGH
PB11.Locked=true
PB11.Mode=Asynchronous
PB11.Signal=USART3_RX
PB12.GPIOParameters=GPIO_Speed,PinState
PB12.GPIO_Speed=GPIO_SPEED_FREQ_VERY_HIGH
PB12.Locked=true
PB12.PinState=GPIO_PIN_SET
PB12.Signal=GPIO_Output
PB13.Locked=true
PB13.Mode=Full_Duplex_Master
PB13.Signal=SPI2_SCK
PB14.Mode=Full_Duplex_Master
PB14.Signal=SPI2_MISO
PB15.Mode=Full_Duplex_Master
PB15.Signal=SPI2_MOSI
PB3.Locked=true
PB3.Mode=FDCAN_Activate
PB3.Signal=FDCAN3_RX
PB4.Locked=true
PB4.Mode=FDCAN_Activate
PB4.Signal=FDCAN3_TX
PB5.Locked=true
PB5.Mode=FDCAN_Activate
PB5.Signal=FDCAN2_RX
PB6.Locked=true
PB6.Mode=FDCAN_Activate
PB6.Signal=FDCAN2_TX
PC12.Mode=Asynchronous
PC12.Signal=UART5_TX
PC9.Signal=S_TIM8_CH4
PD0.Locked=true
PD0.Mode=FDCAN_Activate
PD0.Signal=FDCAN1_RX
PD1.Locked=true
PD1.Mode=FDCAN_Activate
PD1.Signal=FDCAN1_TX
PD2.Mode=Asynchronous
PD2.Signal=UART5_RX
PD8.Mode=Asynchronous
PD8.Signal=USART3_TX
PE10.GPIOParameters=GPIO_Speed
PE10.GPIO_Speed=GPIO_SPEED_FREQ_VERY_HIGH
PE10.Locked=true
PE10.Mode=Single Bank 1
PE10.Signal=QUADSPI1_CLK
PE11.GPIOParameters=GPIO_Speed
PE11.GPIO_Speed=GPIO_SPEED_FREQ_VERY_HIGH
PE11.Locked=true
PE11.Mode=Single Bank 1
PE11.Signal=QUADSPI1_BK1_NCS
PE13.GPIOParameters=GPIO_Speed
PE13.GPIO_Speed=GPIO_SPEED_FREQ_VERY_HIGH
PE13.Locked=true
PE13.Mode=Single Bank 1
PE13.Signal=QUADSPI1_BK1_IO1
PE14.GPIOParameters=GPIO_Speed
PE14.GPIO_Speed=GPIO_SPEED_FREQ_VERY_HIGH
PE14.Locked=true
PE14.Mode=Single Bank 1
PE14.Signal=QUADSPI1_BK1_IO2
PE3.Signal=S_TIM20_CH2
PF0-OSC_IN.Mode=HSE-External-Oscillator
PF0-OSC_IN.Signal=RCC_OSC_IN
PF1-OSC_OUT.Mode=HSE-External-Oscillator
PF1-OSC_OUT.Signal=RCC_OSC_OUT
PinOutPanel.RotationAngle=0
ProjectManager.AskForMigrate=true
ProjectManager.BackupPrevious=false
ProjectManager.CompilerLinker=GCC
ProjectManager.CompilerOptimize=6
ProjectManager.ComputerToolchain=false
ProjectManager.CoupleFile=true
ProjectManager.CustomerFirmwarePackage=
ProjectManager.DefaultFWLocation=true
ProjectManager.DeletePrevious=true
ProjectManager.DeviceId=STM32G473VETx
ProjectManager.FirmwarePackage=STM32Cube FW_G4 V1.6.1
ProjectManager.FreePins=false
ProjectManager.HalAssertFull=false
ProjectManager.HeapSize=0x600
ProjectManager.KeepUserCode=true
ProjectManager.LastFirmware=false
ProjectManager.LibraryCopy=1
ProjectManager.MainLocation=Core/Src
ProjectManager.NoMain=false
ProjectManager.PreviousToolchain=
ProjectManager.ProjectBuild=false
ProjectManager.ProjectFileName=G4_Framework.ioc
ProjectManager.ProjectName=G4_Framework
ProjectManager.ProjectStructure=
ProjectManager.RegisterCallBack=
ProjectManager.StackSize=0x1000
ProjectManager.TargetToolchain=CMake
ProjectManager.ToolChainLocation=
ProjectManager.UAScriptAfterPath=
ProjectManager.UAScriptBeforePath=
ProjectManager.UnderRoot=false
ProjectManager.functionlistsort=1-SystemClock_Config-RCC-false-HAL-false,2-MX_GPIO_Init-GPIO-false-HAL-true,3-MX_DMA_Init-DMA-false-HAL-true,4-MX_FDCAN1_Init-FDCAN1-false-HAL-true,5-MX_FDCAN2_Init-FDCAN2-false-HAL-true,6-MX_FDCAN3_Init-FDCAN3-false-HAL-true,7-MX_TIM4_Init-TIM4-false-HAL-true,8-MX_USART2_UART_Init-USART2-false-HAL-true,9-MX_SPI2_Init-SPI2-false-HAL-true,10-MX_USART3_UART_Init-USART3-false-HAL-true,11-MX_TIM8_Init-TIM8-false-HAL-true,12-MX_TIM3_Init-TIM3-false-HAL-true,13-MX_TIM20_Init-TIM20-false-HAL-true,14-MX_CORDIC_Init-CORDIC-false-HAL-true,15-MX_QUADSPI1_Init-QUADSPI1-false-HAL-true,16-MX_UART5_Init-UART5-false-HAL-true
QUADSPI1.ChipSelectHighTime=QSPI_CS_HIGH_TIME_4_CYCLE
QUADSPI1.ClockMode=QSPI_CLOCK_MODE_0
QUADSPI1.ClockPrescaler=2
QUADSPI1.FifoThreshold=8
QUADSPI1.FlashSize=27
QUADSPI1.IPParameters=ClockPrescaler,FifoThreshold,SampleShifting,FlashSize,ChipSelectHighTime,ClockMode
QUADSPI1.SampleShifting=QSPI_SAMPLE_SHIFTING_NONE
RCC.ADC12Freq_Value=170000000
RCC.ADC345Freq_Value=170000000
RCC.AHBFreq_Value=170000000
RCC.APB1Freq_Value=170000000
RCC.APB1TimFreq_Value=170000000
RCC.APB2Freq_Value=170000000
RCC.APB2TimFreq_Value=170000000
RCC.CK48CLockSelection=RCC_USBCLKSOURCE_HSI48
RCC.CRSFreq_Value=48000000
RCC.CortexFreq_Value=170000000
RCC.EXTERNAL_CLOCK_VALUE=12288000
RCC.FCLKCortexFreq_Value=170000000
RCC.FDCANFreq_Value=170000000
RCC.FamilyName=M
RCC.HCLKFreq_Value=170000000
RCC.HRTIM1Freq_Value=170000000
RCC.HSE_VALUE=12000000
RCC.HSI48_VALUE=48000000
RCC.HSI_VALUE=16000000
RCC.I2C1Freq_Value=170000000
RCC.I2C2Freq_Value=170000000
RCC.I2C3Freq_Value=170000000
RCC.I2C4Freq_Value=170000000
RCC.I2SFreq_Value=170000000
RCC.IPParameters=ADC12Freq_Value,ADC345Freq_Value,AHBFreq_Value,APB1Freq_Value,APB1TimFreq_Value,APB2Freq_Value,APB2TimFreq_Value,CK48CLockSelection,CRSFreq_Value,CortexFreq_Value,EXTERNAL_CLOCK_VALUE,FCLKCortexFreq_Value,FDCANFreq_Value,FamilyName,HCLKFreq_Value,HRTIM1Freq_Value,HSE_VALUE,HSI48_VALUE,HSI_VALUE,I2C1Freq_Value,I2C2Freq_Value,I2C3Freq_Value,I2C4Freq_Value,I2SFreq_Value,LPTIM1Freq_Value,LPUART1Freq_Value,LSCOPinFreq_Value,LSE_VALUE,LSI_VALUE,MCO1PinFreq_Value,PLLM,PLLN,PLLPoutputFreq_Value,PLLQ,PLLQoutputFreq_Value,PLLRCLKFreq_Value,PWRFreq_Value,QSPIFreq_Value,RNGFreq_Value,SAI1Freq_Value,SYSCLKFreq_VALUE,SYSCLKSource,UART4Freq_Value,UART5Freq_Value,USART1Freq_Value,USART2Freq_Value,USART3Freq_Value,USBFreq_Value,VCOInputFreq_Value,VCOOutputFreq_Value
RCC.LPTIM1Freq_Value=170000000
RCC.LPUART1Freq_Value=170000000
RCC.LSCOPinFreq_Value=32000
RCC.LSE_VALUE=32768
RCC.LSI_VALUE=32000
RCC.MCO1PinFreq_Value=16000000
RCC.PLLM=RCC_PLLM_DIV4
RCC.PLLN=85
RCC.PLLPoutputFreq_Value=170000000
RCC.PLLQ=RCC_PLLQ_DIV4
RCC.PLLQoutputFreq_Value=85000000
RCC.PLLRCLKFreq_Value=170000000
RCC.PWRFreq_Value=170000000
RCC.QSPIFreq_Value=170000000
RCC.RNGFreq_Value=48000000
RCC.SAI1Freq_Value=170000000
RCC.SYSCLKFreq_VALUE=170000000
RCC.SYSCLKSource=RCC_SYSCLKSOURCE_PLLCLK
RCC.UART4Freq_Value=170000000
RCC.UART5Freq_Value=170000000
RCC.USART1Freq_Value=170000000
RCC.USART2Freq_Value=170000000
RCC.USART3Freq_Value=170000000
RCC.USBFreq_Value=48000000
RCC.VCOInputFreq_Value=4000000
RCC.VCOOutputFreq_Value=340000000
SH.GPXTI10.0=GPIO_EXTI10
SH.GPXTI10.ConfNb=1
SH.S_TIM20_CH2.0=TIM20_CH2,PWM Generation2 CH2
SH.S_TIM20_CH2.ConfNb=1
SH.S_TIM3_CH2.0=TIM3_CH2,PWM Generation2 CH2
SH.S_TIM3_CH2.ConfNb=1
SH.S_TIM8_CH4.0=TIM8_CH4,PWM Generation4 CH4
SH.S_TIM8_CH4.ConfNb=1
SPI2.BaudRatePrescaler=SPI_BAUDRATEPRESCALER_8
SPI2.CLKPhase=SPI_PHASE_2EDGE
SPI2.CLKPolarity=SPI_POLARITY_HIGH
SPI2.CalculateBaudRate=21.25 MBits/s
SPI2.DataSize=SPI_DATASIZE_8BIT
SPI2.Direction=SPI_DIRECTION_2LINES
SPI2.IPParameters=VirtualType,Mode,Direction,BaudRatePrescaler,CalculateBaudRate,DataSize,CLKPolarity,CLKPhase
SPI2.Mode=SPI_MODE_MASTER
SPI2.VirtualType=VM_MASTER
STMicroelectronics.X-CUBE-ALGOBUILD.1.4.0.DSPOoLibraryJjLibrary_Checked=false
STMicroelectronics.X-CUBE-ALGOBUILD.1.4.0_SwParameter=LibraryCcDSPOoLibraryJjDSPOoLibrary\:true;
TIM20.Channel-PWM\ Generation2\ CH2=TIM_CHANNEL_2
TIM20.IPParameters=Channel-PWM Generation2 CH2,Prescaler,PeriodNoDither
TIM20.PeriodNoDither=420
TIM20.Prescaler=84
TIM3.Channel-PWM\ Generation2\ CH2=TIM_CHANNEL_2
TIM3.IPParameters=Channel-PWM Generation2 CH2,Prescaler,PeriodNoDither
TIM3.PeriodNoDither=999
TIM3.Prescaler=1699
TIM4.IPParameters=Prescaler,PeriodNoDither
TIM4.PeriodNoDither=1999
TIM4.Prescaler=1699
TIM8.Channel-PWM\ Generation4\ CH4=TIM_CHANNEL_4
TIM8.IPParameters=Channel-PWM Generation4 CH4,PeriodNoDither
TIM8.PeriodNoDither=212
UART5.BaudRate=1152000
UART5.IPParameters=BaudRate
USART2.BaudRate=1152000
USART2.IPParameters=VirtualMode-Asynchronous,BaudRate
USART2.VirtualMode-Asynchronous=VM_ASYNC
USART3.BaudRate=100000
USART3.IPParameters=VirtualMode-Asynchronous,BaudRate,WordLength,Parity,Mode,RxPinLevelInvertParam
USART3.Mode=MODE_RX
USART3.Parity=PARITY_EVEN
USART3.RxPinLevelInvertParam=ADVFEATURE_RXINV_ENABLE
USART3.VirtualMode-Asynchronous=VM_ASYNC
USART3.WordLength=WORDLENGTH_9B
VP_CORDIC_VS_CORDIC.Mode=CORDIC_Activate
VP_CORDIC_VS_CORDIC.Signal=CORDIC_VS_CORDIC
VP_FREERTOS_VS_CMSIS_V2.Mode=CMSIS_V2
VP_FREERTOS_VS_CMSIS_V2.Signal=FREERTOS_VS_CMSIS_V2
VP_SYS_VS_DBSignals.Mode=DisableDeadBatterySignals
VP_SYS_VS_DBSignals.Signal=SYS_VS_DBSignals
VP_SYS_VS_tim17.Mode=TIM17
VP_SYS_VS_tim17.Signal=SYS_VS_tim17
VP_TIM20_VS_ClockSourceINT.Mode=Internal
VP_TIM20_VS_ClockSourceINT.Signal=TIM20_VS_ClockSourceINT
VP_TIM3_VS_ClockSourceINT.Mode=Internal
VP_TIM3_VS_ClockSourceINT.Signal=TIM3_VS_ClockSourceINT
VP_TIM4_VS_ClockSourceINT.Mode=Internal
VP_TIM4_VS_ClockSourceINT.Signal=TIM4_VS_ClockSourceINT
VP_TIM8_VS_ClockSourceINT.Mode=Internal
VP_TIM8_VS_ClockSourceINT.Signal=TIM8_VS_ClockSourceINT
VREF+.Mode=InternalMode
VREF+.Signal=VREFBUF_OUT
board=custom
rtos.0.ip=FREERTOS
